
Microsoft Visual Studio Solution File, Format Version 12.00
# Visual Studio Version 17
VisualStudioVersion = 17.9.34723.18
MinimumVisualStudioVersion = 10.0.40219.1
Project("{9A19103F-16F7-4668-BE54-9A1E7A4F7556}") = "NezChu", "NezChu\NezChu\NezChu.csproj", "{48368F5C-58A2-4B2A-B136-A2152BE8C74A}"
EndProject
Project("{9A19103F-16F7-4668-BE54-9A1E7A4F7556}") = "NezChu.Client", "NezChu\NezChu.Client\NezChu.Client.csproj", "{46521404-679B-477A-AD3B-8200E8520C70}"
EndProject
Project("{9A19103F-16F7-4668-BE54-9A1E7A4F7556}") = "NezChu.Database", "NezChu.Database\NezChu.Database.csproj", "{8653054C-AD1F-4C56-B44F-8EABCF1A4936}"
EndProject
Project("{9A19103F-16F7-4668-BE54-9A1E7A4F7556}") = "NezChu.Shared", "NezChu.Shared\NezChu.Shared.csproj", "{112100D5-677C-43BF-B8FE-0A9DBD27C166}"
EndProject
Global
	GlobalSection(SolutionConfigurationPlatforms) = preSolution
		Debug|Any CPU = Debug|Any CPU
		Release|Any CPU = Release|Any CPU
	EndGlobalSection
	GlobalSection(ProjectConfigurationPlatforms) = postSolution
		{48368F5C-58A2-4B2A-B136-A2152BE8C74A}.Debug|Any CPU.ActiveCfg = Debug|Any CPU
		{48368F5C-58A2-4B2A-B136-A2152BE8C74A}.Debug|Any CPU.Build.0 = Debug|Any CPU
		{48368F5C-58A2-4B2A-B136-A2152BE8C74A}.Release|Any CPU.ActiveCfg = Release|Any CPU
		{48368F5C-58A2-4B2A-B136-A2152BE8C74A}.Release|Any CPU.Build.0 = Release|Any CPU
		{46521404-679B-477A-AD3B-8200E8520C70}.Debug|Any CPU.ActiveCfg = Debug|Any CPU
		{46521404-679B-477A-AD3B-8200E8520C70}.Debug|Any CPU.Build.0 = Debug|Any CPU
		{46521404-679B-477A-AD3B-8200E8520C70}.Release|Any CPU.ActiveCfg = Release|Any CPU
		{46521404-679B-477A-AD3B-8200E8520C70}.Release|Any CPU.Build.0 = Release|Any CPU
		{8653054C-AD1F-4C56-B44F-8EABCF1A4936}.Debug|Any CPU.ActiveCfg = Debug|Any CPU
		{8653054C-AD1F-4C56-B44F-8EABCF1A4936}.Debug|Any CPU.Build.0 = Debug|Any CPU
		{8653054C-AD1F-4C56-B44F-8EABCF1A4936}.Release|Any CPU.ActiveCfg = Release|Any CPU
		{8653054C-AD1F-4C56-B44F-8EABCF1A4936}.Release|Any CPU.Build.0 = Release|Any CPU
		{112100D5-677C-43BF-B8FE-0A9DBD27C166}.Debug|Any CPU.ActiveCfg = Debug|Any CPU
		{112100D5-677C-43BF-B8FE-0A9DBD27C166}.Debug|Any CPU.Build.0 = Debug|Any CPU
		{112100D5-677C-43BF-B8FE-0A9DBD27C166}.Release|Any CPU.ActiveCfg = Release|Any CPU
		{112100D5-677C-43BF-B8FE-0A9DBD27C166}.Release|Any CPU.Build.0 = Release|Any CPU
	EndGlobalSection
	GlobalSection(SolutionProperties) = preSolution
		HideSolutionNode = FALSE
	EndGlobalSection
	GlobalSection(ExtensibilityGlobals) = postSolution
		SolutionGuid = {8ADC34A1-9991-43CB-B301-D4DCE1C1718B}
	EndGlobalSection
EndGlobal
